
Microsoft Visual Studio Solution File, Format Version 12.00
# Visual Studio 15
VisualStudioVersion = 15.0.26430.12
MinimumVisualStudioVersion = 10.0.40219.1
Project("{9A19103F-16F7-4668-BE54-9A1E7A4F7556}") = "Dashboard", "Dashboard.csproj", "{FC9CFA74-A559-482E-8638-3A7BD78B47CB}"
EndProject
Global
	GlobalSection(SolutionConfigurationPlatforms) = preSolution
		Debug|Any CPU = Debug|Any CPU
		Release|Any CPU = Release|Any CPU
	EndGlobalSection
	GlobalSection(ProjectConfigurationPlatforms) = postSolution
		{FC9CFA74-A559-482E-8638-3A7BD78B47CB}.Debug|Any CPU.ActiveCfg = Debug|Any CPU
		{FC9CFA74-A559-482E-8638-3A7BD78B47CB}.Debug|Any CPU.Build.0 = Debug|Any CPU
		{FC9CFA74-A559-482E-8638-3A7BD78B47CB}.Release|Any CPU.ActiveCfg = Release|Any CPU
		{FC9CFA74-A559-482E-8638-3A7BD78B47CB}.Release|Any CPU.Build.0 = Release|Any CPU
	EndGlobalSection
	GlobalSection(SolutionProperties) = preSolution
		HideSolutionNode = FALSE
	EndGlobalSection
EndGlobal
